
Microsoft Visual Studio Solution File, Format Version 12.00
# Visual Studio Version 17
VisualStudioVersion = 17.9.34728.123
MinimumVisualStudioVersion = 10.0.40219.1
Project("{9A19103F-16F7-4668-BE54-9A1E7A4F7556}") = "DatabaseApp1", "DatabaseApp1.csproj", "{109ADDC3-439B-4A32-AE5D-A72AA003924D}"
EndProject
Project("{FAE04EC0-301F-11D3-BF4B-00C04F79EFBC}") = "DBTestUnit", "..\DBTestUnit\DBTestUnit.csproj", "{D91BA165-0812-49A7-A10B-DB6481671AD5}"
EndProject
Global
	GlobalSection(SolutionConfigurationPlatforms) = preSolution
		Debug|Any CPU = Debug|Any CPU
		Release|Any CPU = Release|Any CPU
	EndGlobalSection
	GlobalSection(ProjectConfigurationPlatforms) = postSolution
		{109ADDC3-439B-4A32-AE5D-A72AA003924D}.Debug|Any CPU.ActiveCfg = Debug|Any CPU
		{109ADDC3-439B-4A32-AE5D-A72AA003924D}.Debug|Any CPU.Build.0 = Debug|Any CPU
		{109ADDC3-439B-4A32-AE5D-A72AA003924D}.Release|Any CPU.ActiveCfg = Release|Any CPU
		{109ADDC3-439B-4A32-AE5D-A72AA003924D}.Release|Any CPU.Build.0 = Release|Any CPU
		{D91BA165-0812-49A7-A10B-DB6481671AD5}.Debug|Any CPU.ActiveCfg = Debug|Any CPU
		{D91BA165-0812-49A7-A10B-DB6481671AD5}.Debug|Any CPU.Build.0 = Debug|Any CPU
		{D91BA165-0812-49A7-A10B-DB6481671AD5}.Release|Any CPU.ActiveCfg = Release|Any CPU
		{D91BA165-0812-49A7-A10B-DB6481671AD5}.Release|Any CPU.Build.0 = Release|Any CPU
	EndGlobalSection
	GlobalSection(SolutionProperties) = preSolution
		HideSolutionNode = FALSE
	EndGlobalSection
	GlobalSection(ExtensibilityGlobals) = postSolution
		SolutionGuid = {FD2131D1-5E73-400C-8214-782F45006038}
	EndGlobalSection
EndGlobal
